
Microsoft Visual Studio Solution File, Format Version 12.00
# Visual Studio 15
VisualStudioVersion = 15.0.27130.2027
MinimumVisualStudioVersion = 10.0.40219.1
Project("{9A19103F-16F7-4668-BE54-9A1E7A4F7556}") = "Send", "Send\Send.csproj", "{B3F4CEA9-A469-49D5-8898-771064A6524F}"
EndProject
Project("{9A19103F-16F7-4668-BE54-9A1E7A4F7556}") = "Receive", "Receive\Receive.csproj", "{425B26A8-CFCD-4FC7-BF41-5E5ECB8C5E24}"
EndProject
Project("{FAE04EC0-301F-11D3-BF4B-00C04F79EFBC}") = "ReceiveLogTxt", "ReceiveLogTxt\ReceiveLogTxt.csproj", "{2F30935D-6852-4C36-A7C7-42670F9E464E}"
EndProject
Global
	GlobalSection(SolutionConfigurationPlatforms) = preSolution
		Debug|Any CPU = Debug|Any CPU
		Release|Any CPU = Release|Any CPU
	EndGlobalSection
	GlobalSection(ProjectConfigurationPlatforms) = postSolution
		{B3F4CEA9-A469-49D5-8898-771064A6524F}.Debug|Any CPU.ActiveCfg = Debug|Any CPU
		{B3F4CEA9-A469-49D5-8898-771064A6524F}.Debug|Any CPU.Build.0 = Debug|Any CPU
		{B3F4CEA9-A469-49D5-8898-771064A6524F}.Release|Any CPU.ActiveCfg = Release|Any CPU
		{B3F4CEA9-A469-49D5-8898-771064A6524F}.Release|Any CPU.Build.0 = Release|Any CPU
		{425B26A8-CFCD-4FC7-BF41-5E5ECB8C5E24}.Debug|Any CPU.ActiveCfg = Debug|Any CPU
		{425B26A8-CFCD-4FC7-BF41-5E5ECB8C5E24}.Debug|Any CPU.Build.0 = Debug|Any CPU
		{425B26A8-CFCD-4FC7-BF41-5E5ECB8C5E24}.Release|Any CPU.ActiveCfg = Release|Any CPU
		{425B26A8-CFCD-4FC7-BF41-5E5ECB8C5E24}.Release|Any CPU.Build.0 = Release|Any CPU
		{2F30935D-6852-4C36-A7C7-42670F9E464E}.Debug|Any CPU.ActiveCfg = Debug|Any CPU
		{2F30935D-6852-4C36-A7C7-42670F9E464E}.Debug|Any CPU.Build.0 = Debug|Any CPU
		{2F30935D-6852-4C36-A7C7-42670F9E464E}.Release|Any CPU.ActiveCfg = Release|Any CPU
		{2F30935D-6852-4C36-A7C7-42670F9E464E}.Release|Any CPU.Build.0 = Release|Any CPU
	EndGlobalSection
	GlobalSection(SolutionProperties) = preSolution
		HideSolutionNode = FALSE
	EndGlobalSection
	GlobalSection(ExtensibilityGlobals) = postSolution
		SolutionGuid = {82AC17B7-17AF-479D-BF20-86B617058BBE}
	EndGlobalSection
EndGlobal
